// !$*UTF8*$!
{
	archiveVersion = 1;
	classes = {
	};
	objectVersion = 56;
	objects = {

/* Begin PBXBuildFile section */
		8C39875C2A51518E0073DCE5 /* AppDelegate.swift in Sources */ = {isa = PBXBuildFile; fileRef = 8C39875B2A51518E0073DCE5 /* AppDelegate.swift */; };
		8C39875E2A51518E0073DCE5 /* SceneDelegate.swift in Sources */ = {isa = PBXBuildFile; fileRef = 8C39875D2A51518E0073DCE5 /* SceneDelegate.swift */; };
		8C3987602A51518E0073DCE5 /* FirstViewController.swift in Sources */ = {isa = PBXBuildFile; fileRef = 8C39875F2A51518E0073DCE5 /* FirstViewController.swift */; };
		8C3987632A51518E0073DCE5 /* FirstStoryboard.storyboard in Resources */ = {isa = PBXBuildFile; fileRef = 8C3987612A51518E0073DCE5 /* FirstStoryboard.storyboard */; };
		8C3987652A5151900073DCE5 /* Assets.xcassets in Resources */ = {isa = PBXBuildFile; fileRef = 8C3987642A5151900073DCE5 /* Assets.xcassets */; };
		8C3987682A5151900073DCE5 /* LaunchScreen.storyboard in Resources */ = {isa = PBXBuildFile; fileRef = 8C3987662A5151900073DCE5 /* LaunchScreen.storyboard */; };
		8C3987732A5151900073DCE5 /* TransitionsAppTests.swift in Sources */ = {isa = PBXBuildFile; fileRef = 8C3987722A5151900073DCE5 /* TransitionsAppTests.swift */; };
		8C39877D2A5151900073DCE5 /* TransitionsAppUITests.swift in Sources */ = {isa = PBXBuildFile; fileRef = 8C39877C2A5151900073DCE5 /* TransitionsAppUITests.swift */; };
		8C39877F2A5151900073DCE5 /* TransitionsAppUITestsLaunchTests.swift in Sources */ = {isa = PBXBuildFile; fileRef = 8C39877E2A5151900073DCE5 /* TransitionsAppUITestsLaunchTests.swift */; };
		8C39878C2A5157960073DCE5 /* SecondStoryboard.storyboard in Resources */ = {isa = PBXBuildFile; fileRef = 8C39878B2A5157960073DCE5 /* SecondStoryboard.storyboard */; };
		8C39878E2A5158110073DCE5 /* SecondViewController.swift in Sources */ = {isa = PBXBuildFile; fileRef = 8C39878D2A5158110073DCE5 /* SecondViewController.swift */; };
/* End PBXBuildFile section */

/* Begin PBXContainerItemProxy section */
		8C39876F2A5151900073DCE5 /* PBXContainerItemProxy */ = {
			isa = PBXContainerItemProxy;
			containerPortal = 8C3987502A51518E0073DCE5 /* Project object */;
			proxyType = 1;
			remoteGlobalIDString = 8C3987572A51518E0073DCE5;
			remoteInfo = TransitionsApp;
		};
		8C3987792A5151900073DCE5 /* PBXContainerItemProxy */ = {
			isa = PBXContainerItemProxy;
			containerPortal = 8C3987502A51518E0073DCE5 /* Project object */;
			proxyType = 1;
			remoteGlobalIDString = 8C3987572A51518E0073DCE5;
			remoteInfo = TransitionsApp;
		};
/* End PBXContainerItemProxy section */

/* Begin PBXFileReference section */
		8C3987582A51518E0073DCE5 /* TransitionsApp.app */ = {isa = PBXFileReference; explicitFileType = wrapper.application; includeInIndex = 0; path = TransitionsApp.app; sourceTree = BUILT_PRODUCTS_DIR; };
		8C39875B2A51518E0073DCE5 /* AppDelegate.swift */ = {isa = PBXFileReference; lastKnownFileType = sourcecode.swift; path = AppDelegate.swift; sourceTree = "<group>"; };
		8C39875D2A51518E0073DCE5 /* SceneDelegate.swift */ = {isa = PBXFileReference; lastKnownFileType = sourcecode.swift; path = SceneDelegate.swift; sourceTree = "<group>"; };
		8C39875F2A51518E0073DCE5 /* FirstViewController.swift */ = {isa = PBXFileReference; lastKnownFileType = sourcecode.swift; path = FirstViewController.swift; sourceTree = "<group>"; };
		8C3987622A51518E0073DCE5 /* Base */ = {isa = PBXFileReference; lastKnownFileType = file.storyboard; name = Base; path = Base.lproj/FirstStoryboard.storyboard; sourceTree = "<group>"; };
		8C3987642A5151900073DCE5 /* Assets.xcassets */ = {isa = PBXFileReference; lastKnownFileType = folder.assetcatalog; path = Assets.xcassets; sourceTree = "<group>"; };
		8C3987672A5151900073DCE5 /* Base */ = {isa = PBXFileReference; lastKnownFileType = file.storyboard; name = Base; path = Base.lproj/LaunchScreen.storyboard; sourceTree = "<group>"; };
		8C3987692A5151900073DCE5 /* Info.plist */ = {isa = PBXFileReference; lastKnownFileType = text.plist.xml; path = Info.plist; sourceTree = "<group>"; };
		8C39876E2A5151900073DCE5 /* TransitionsAppTests.xctest */ = {isa = PBXFileReference; explicitFileType = wrapper.cfbundle; includeInIndex = 0; path = TransitionsAppTests.xctest; sourceTree = BUILT_PRODUCTS_DIR; };
		8C3987722A5151900073DCE5 /* TransitionsAppTests.swift */ = {isa = PBXFileReference; lastKnownFileType = sourcecode.swift; path = TransitionsAppTests.swift; sourceTree = "<group>"; };
		8C3987782A5151900073DCE5 /* TransitionsAppUITests.xctest */ = {isa = PBXFileReference; explicitFileType = wrapper.cfbundle; includeInIndex = 0; path = TransitionsAppUITests.xctest; sourceTree = BUILT_PRODUCTS_DIR; };
		8C39877C2A5151900073DCE5 /* TransitionsAppUITests.swift */ = {isa = PBXFileReference; lastKnownFileType = sourcecode.swift; path = TransitionsAppUITests.swift; sourceTree = "<group>"; };
		8C39877E2A5151900073DCE5 /* TransitionsAppUITestsLaunchTests.swift */ = {isa = PBXFileReference; lastKnownFileType = sourcecode.swift; path = TransitionsAppUITestsLaunchTests.swift; sourceTree = "<group>"; };
		8C39878B2A5157960073DCE5 /* SecondStoryboard.storyboard */ = {isa = PBXFileReference; lastKnownFileType = file.storyboard; path = SecondStoryboard.storyboard; sourceTree = "<group>"; };
		8C39878D2A5158110073DCE5 /* SecondViewController.swift */ = {isa = PBXFileReference; lastKnownFileType = sourcecode.swift; path = SecondViewController.swift; sourceTree = "<group>"; };
/* End PBXFileReference section */

/* Begin PBXFrameworksBuildPhase section */
		8C3987552A51518E0073DCE5 /* Frameworks */ = {
			isa = PBXFrameworksBuildPhase;
			buildActionMask = 2147483647;
			files = (
			);
			runOnlyForDeploymentPostprocessing = 0;
		};
		8C39876B2A5151900073DCE5 /* Frameworks */ = {
			isa = PBXFrameworksBuildPhase;
			buildActionMask = 2147483647;
			files = (
			);
			runOnlyForDeploymentPostprocessing = 0;
		};
		8C3987752A5151900073DCE5 /* Frameworks */ = {
			isa = PBXFrameworksBuildPhase;
			buildActionMask = 2147483647;
			files = (
			);
			runOnlyForDeploymentPostprocessing = 0;
		};
/* End PBXFrameworksBuildPhase section */

/* Begin PBXGroup section */
		8C39874F2A51518E0073DCE5 = {
			isa = PBXGroup;
			children = (
				8C39875A2A51518E0073DCE5 /* TransitionsApp */,
				8C3987712A5151900073DCE5 /* TransitionsAppTests */,
				8C39877B2A5151900073DCE5 /* TransitionsAppUITests */,
				8C3987592A51518E0073DCE5 /* Products */,
			);
			sourceTree = "<group>";
		};
		8C3987592A51518E0073DCE5 /* Products */ = {
			isa = PBXGroup;
			children = (
				8C3987582A51518E0073DCE5 /* TransitionsApp.app */,
				8C39876E2A5151900073DCE5 /* TransitionsAppTests.xctest */,
				8C3987782A5151900073DCE5 /* TransitionsAppUITests.xctest */,
			);
			name = Products;
			sourceTree = "<group>";
		};
		8C39875A2A51518E0073DCE5 /* TransitionsApp */ = {
			isa = PBXGroup;
			children = (
				8C39875B2A51518E0073DCE5 /* AppDelegate.swift */,
				8C39875D2A51518E0073DCE5 /* SceneDelegate.swift */,
				8C39875F2A51518E0073DCE5 /* FirstViewController.swift */,
				8C3987612A51518E0073DCE5 /* FirstStoryboard.storyboard */,
				8C39878B2A5157960073DCE5 /* SecondStoryboard.storyboard */,
				8C39878D2A5158110073DCE5 /* SecondViewController.swift */,
				8C3987642A5151900073DCE5 /* Assets.xcassets */,
				8C3987662A5151900073DCE5 /* LaunchScreen.storyboard */,
				8C3987692A5151900073DCE5 /* Info.plist */,
			);
			path = TransitionsApp;
			sourceTree = "<group>";
		};
		8C3987712A5151900073DCE5 /* TransitionsAppTests */ = {
			isa = PBXGroup;
			children = (
				8C3987722A5151900073DCE5 /* TransitionsAppTests.swift */,
			);
			path = TransitionsAppTests;
			sourceTree = "<group>";
		};
		8C39877B2A5151900073DCE5 /* TransitionsAppUITests */ = {
			isa = PBXGroup;
			children = (
				8C39877C2A5151900073DCE5 /* TransitionsAppUITests.swift */,
				8C39877E2A5151900073DCE5 /* TransitionsAppUITestsLaunchTests.swift */,
			);
			path = TransitionsAppUITests;
			sourceTree = "<group>";
		};
/* End PBXGroup section */

/* Begin PBXNativeTarget section */
		8C3987572A51518E0073DCE5 /* TransitionsApp */ = {
			isa = PBXNativeTarget;
			buildConfigurationList = 8C3987822A5151900073DCE5 /* Build configuration list for PBXNativeTarget "TransitionsApp" */;
			buildPhases = (
				8C3987542A51518E0073DCE5 /* Sources */,
				8C3987552A51518E0073DCE5 /* Frameworks */,
				8C3987562A51518E0073DCE5 /* Resources */,
			);
			buildRules = (
			);
			dependencies = (
			);
			name = TransitionsApp;
			productName = TransitionsApp;
			productReference = 8C3987582A51518E0073DCE5 /* TransitionsApp.app */;
			productType = "com.apple.product-type.application";
		};
		8C39876D2A5151900073DCE5 /* TransitionsAppTests */ = {
			isa = PBXNativeTarget;
			buildConfigurationList = 8C3987852A5151900073DCE5 /* Build configuration list for PBXNativeTarget "TransitionsAppTests" */;
			buildPhases = (
				8C39876A2A5151900073DCE5 /* Sources */,
				8C39876B2A5151900073DCE5 /* Frameworks */,
				8C39876C2A5151900073DCE5 /* Resources */,
			);
			buildRules = (
			);
			dependencies = (
				8C3987702A5151900073DCE5 /* PBXTargetDependency */,
			);
			name = TransitionsAppTests;
			productName = TransitionsAppTests;
			productReference = 8C39876E2A5151900073DCE5 /* TransitionsAppTests.xctest */;
			productType = "com.apple.product-type.bundle.unit-test";
		};
		8C3987772A5151900073DCE5 /* TransitionsAppUITests */ = {
			isa = PBXNativeTarget;
			buildConfigurationList = 8C3987882A5151900073DCE5 /* Build configuration list for PBXNativeTarget "TransitionsAppUITests" */;
			buildPhases = (
				8C3987742A5151900073DCE5 /* Sources */,
				8C3987752A5151900073DCE5 /* Frameworks */,
				8C3987762A5151900073DCE5 /* Resources */,
			);
			buildRules = (
			);
			dependencies = (
				8C39877A2A5151900073DCE5 /* PBXTargetDependency */,
			);
			name = TransitionsAppUITests;
			productName = TransitionsAppUITests;
			productReference = 8C3987782A5151900073DCE5 /* TransitionsAppUITests.xctest */;
			productType = "com.apple.product-type.bundle.ui-testing";
		};
/* End PBXNativeTarget section */

/* Begin PBXProject section */
		8C3987502A51518E0073DCE5 /* Project object */ = {
			isa = PBXProject;
			attributes = {
				BuildIndependentTargetsInParallel = 1;
				LastSwiftUpdateCheck = 1430;
				LastUpgradeCheck = 1430;
				TargetAttributes = {
					8C3987572A51518E0073DCE5 = {
						CreatedOnToolsVersion = 14.3.1;
					};
					8C39876D2A5151900073DCE5 = {
						CreatedOnToolsVersion = 14.3.1;
						TestTargetID = 8C3987572A51518E0073DCE5;
					};
					8C3987772A5151900073DCE5 = {
						CreatedOnToolsVersion = 14.3.1;
						TestTargetID = 8C3987572A51518E0073DCE5;
					};
				};
			};
			buildConfigurationList = 8C3987532A51518E0073DCE5 /* Build configuration list for PBXProject "TransitionsApp" */;
			compatibilityVersion = "Xcode 14.0";
			developmentRegion = en;
			hasScannedForEncodings = 0;
			knownRegions = (
				en,
				Base,
			);
			mainGroup = 8C39874F2A51518E0073DCE5;
			productRefGroup = 8C3987592A51518E0073DCE5 /* Products */;
			projectDirPath = "";
			projectRoot = "";
			targets = (
				8C3987572A51518E0073DCE5 /* TransitionsApp */,
				8C39876D2A5151900073DCE5 /* TransitionsAppTests */,
				8C3987772A5151900073DCE5 /* TransitionsAppUITests */,
			);
		};
/* End PBXProject section */

/* Begin PBXResourcesBuildPhase section */
		8C3987562A51518E0073DCE5 /* Resources */ = {
			isa = PBXResourcesBuildPhase;
			buildActionMask = 2147483647;
			files = (
				8C3987682A5151900073DCE5 /* LaunchScreen.storyboard in Resources */,
				8C3987652A5151900073DCE5 /* Assets.xcassets in Resources */,
				8C3987632A51518E0073DCE5 /* FirstStoryboard.storyboard in Resources */,
				8C39878C2A5157960073DCE5 /* SecondStoryboard.storyboard in Resources */,
			);
			runOnlyForDeploymentPostprocessing = 0;
		};
		8C39876C2A5151900073DCE5 /* Resources */ = {
			isa = PBXResourcesBuildPhase;
			buildActionMask = 2147483647;
			files = (
			);
			runOnlyForDeploymentPostprocessing = 0;
		};
		8C3987762A5151900073DCE5 /* Resources */ = {
			isa = PBXResourcesBuildPhase;
			buildActionMask = 2147483647;
			files = (
			);
			runOnlyForDeploymentPostprocessing = 0;
		};
/* End PBXResourcesBuildPhase section */

/* Begin PBXSourcesBuildPhase section */
		8C3987542A51518E0073DCE5 /* Sources */ = {
			isa = PBXSourcesBuildPhase;
			buildActionMask = 2147483647;
			files = (
				8C39878E2A5158110073DCE5 /* SecondViewController.swift in Sources */,
				8C3987602A51518E0073DCE5 /* FirstViewController.swift in Sources */,
				8C39875C2A51518E0073DCE5 /* AppDelegate.swift in Sources */,
				8C39875E2A51518E0073DCE5 /* SceneDelegate.swift in Sources */,
			);
			runOnlyForDeploymentPostprocessing = 0;
		};
		8C39876A2A5151900073DCE5 /* Sources */ = {
			isa = PBXSourcesBuildPhase;
			buildActionMask = 2147483647;
			files = (
				8C3987732A5151900073DCE5 /* TransitionsAppTests.swift in Sources */,
			);
			runOnlyForDeploymentPostprocessing = 0;
		};
		8C3987742A5151900073DCE5 /* Sources */ = {
			isa = PBXSourcesBuildPhase;
			buildActionMask = 2147483647;
			files = (
				8C39877D2A5151900073DCE5 /* TransitionsAppUITests.swift in Sources */,
				8C39877F2A5151900073DCE5 /* TransitionsAppUITestsLaunchTests.swift in Sources */,
			);
			runOnlyForDeploymentPostprocessing = 0;
		};
/* End PBXSourcesBuildPhase section */

/* Begin PBXTargetDependency section */
		8C3987702A5151900073DCE5 /* PBXTargetDependency */ = {
			isa = PBXTargetDependency;
			target = 8C3987572A51518E0073DCE5 /* TransitionsApp */;
			targetProxy = 8C39876F2A5151900073DCE5 /* PBXContainerItemProxy */;
		};
		8C39877A2A5151900073DCE5 /* PBXTargetDependency */ = {
			isa = PBXTargetDependency;
			target = 8C3987572A51518E0073DCE5 /* TransitionsApp */;
			targetProxy = 8C3987792A5151900073DCE5 /* PBXContainerItemProxy */;
		};
/* End PBXTargetDependency section */

/* Begin PBXVariantGroup section */
		8C3987612A51518E0073DCE5 /* FirstStoryboard.storyboard */ = {
			isa = PBXVariantGroup;
			children = (
				8C3987622A51518E0073DCE5 /* Base */,
			);
			name = FirstStoryboard.storyboard;
			sourceTree = "<group>";
		};
		8C3987662A5151900073DCE5 /* LaunchScreen.storyboard */ = {
			isa = PBXVariantGroup;
			children = (
				8C3987672A5151900073DCE5 /* Base */,
			);
			name = LaunchScreen.storyboard;
			sourceTree = "<group>";
		};
/* End PBXVariantGroup section */

/* Begin XCBuildConfiguration section */
		8C3987802A5151900073DCE5 /* Debug */ = {
			isa = XCBuildConfiguration;
			buildSettings = {
				ALWAYS_SEARCH_USER_PATHS = NO;
				CLANG_ANALYZER_NONNULL = YES;
				CLANG_ANALYZER_NUMBER_OBJECT_CONVERSION = YES_AGGRESSIVE;
				CLANG_CXX_LANGUAGE_STANDARD = "gnu++20";
				CLANG_ENABLE_MODULES = YES;
				CLANG_ENABLE_OBJC_ARC = YES;
				CLANG_ENABLE_OBJC_WEAK = YES;
				CLANG_WARN_BLOCK_CAPTURE_AUTORELEASING = YES;
				CLANG_WARN_BOOL_CONVERSION = YES;
				CLANG_WARN_COMMA = YES;
				CLANG_WARN_CONSTANT_CONVERSION = YES;
				CLANG_WARN_DEPRECATED_OBJC_IMPLEMENTATIONS = YES;
				CLANG_WARN_DIRECT_OBJC_ISA_USAGE = YES_ERROR;
				CLANG_WARN_DOCUMENTATION_COMMENTS = YES;
				CLANG_WARN_EMPTY_BODY = YES;
				CLANG_WARN_ENUM_CONVERSION = YES;
				CLANG_WARN_INFINITE_RECURSION = YES;
				CLANG_WARN_INT_CONVERSION = YES;
				CLANG_WARN_NON_LITERAL_NULL_CONVERSION = YES;
				CLANG_WARN_OBJC_IMPLICIT_RETAIN_SELF = YES;
				CLANG_WARN_OBJC_LITERAL_CONVERSION = YES;
				CLANG_WARN_OBJC_ROOT_CLASS = YES_ERROR;
				CLANG_WARN_QUOTED_INCLUDE_IN_FRAMEWORK_HEADER = YES;
				CLANG_WARN_RANGE_LOOP_ANALYSIS = YES;
				CLANG_WARN_STRICT_PROTOTYPES = YES;
				CLANG_WARN_SUSPICIOUS_MOVE = YES;
				CLANG_WARN_UNGUARDED_AVAILABILITY = YES_AGGRESSIVE;
				CLANG_WARN_UNREACHABLE_CODE = YES;
				CLANG_WARN__DUPLICATE_METHOD_MATCH = YES;
				COPY_PHASE_STRIP = NO;
				DEBUG_INFORMATION_FORMAT = dwarf;
				ENABLE_STRICT_OBJC_MSGSEND = YES;
				ENABLE_TESTABILITY = YES;
				GCC_C_LANGUAGE_STANDARD = gnu11;
				GCC_DYNAMIC_NO_PIC = NO;
				GCC_NO_COMMON_BLOCKS = YES;
				GCC_OPTIMIZATION_LEVEL = 0;
				GCC_PREPROCESSOR_DEFINITIONS = (
					"DEBUG=1",
					"$(inherited)",
				);
				GCC_WARN_64_TO_32_BIT_CONVERSION = YES;
				GCC_WARN_ABOUT_RETURN_TYPE = YES_ERROR;
				GCC_WARN_UNDECLARED_SELECTOR = YES;
				GCC_WARN_UNINITIALIZED_AUTOS = YES_AGGRESSIVE;
				GCC_WARN_UNUSED_FUNCTION = YES;
				GCC_WARN_UNUSED_VARIABLE = YES;
				IPHONEOS_DEPLOYMENT_TARGET = 16.4;
				MTL_ENABLE_DEBUG_INFO = INCLUDE_SOURCE;
				MTL_FAST_MATH = YES;
				ONLY_ACTIVE_ARCH = YES;
				SDKROOT = iphoneos;
				SWIFT_ACTIVE_COMPILATION_CONDITIONS = DEBUG;
				SWIFT_OPTIMIZATION_LEVEL = "-Onone";
			};
			name = Debug;
		};
		8C3987812A5151900073DCE5 /* Release */ = {
			isa = XCBuildConfiguration;
			buildSettings = {
				ALWAYS_SEARCH_USER_PATHS = NO;
				CLANG_ANALYZER_NONNULL = YES;
				CLANG_ANALYZER_NUMBER_OBJECT_CONVERSION = YES_AGGRESSIVE;
				CLANG_CXX_LANGUAGE_STANDARD = "gnu++20";
				CLANG_ENABLE_MODULES = YES;
				CLANG_ENABLE_OBJC_ARC = YES;
				CLANG_ENABLE_OBJC_WEAK = YES;
				CLANG_WARN_BLOCK_CAPTURE_AUTORELEASING = YES;
				CLANG_WARN_BOOL_CONVERSION = YES;
				CLANG_WARN_COMMA = YES;
				CLANG_WARN_CONSTANT_CONVERSION = YES;
				CLANG_WARN_DEPRECATED_OBJC_IMPLEMENTATIONS = YES;
				CLANG_WARN_DIRECT_OBJC_ISA_USAGE = YES_ERROR;
				CLANG_WARN_DOCUMENTATION_COMMENTS = YES;
				CLANG_WARN_EMPTY_BODY = YES;
				CLANG_WARN_ENUM_CONVERSION = YES;
				CLANG_WARN_INFINITE_RECURSION = YES;
				CLANG_WARN_INT_CONVERSION = YES;
				CLANG_WARN_NON_LITERAL_NULL_CONVERSION = YES;
				CLANG_WARN_OBJC_IMPLICIT_RETAIN_SELF = YES;
				CLANG_WARN_OBJC_LITERAL_CONVERSION = YES;
				CLANG_WARN_OBJC_ROOT_CLASS = YES_ERROR;
				CLANG_WARN_QUOTED_INCLUDE_IN_FRAMEWORK_HEADER = YES;
				CLANG_WARN_RANGE_LOOP_ANALYSIS = YES;
				CLANG_WARN_STRICT_PROTOTYPES = YES;
				CLANG_WARN_SUSPICIOUS_MOVE = YES;
				CLANG_WARN_UNGUARDED_AVAILABILITY = YES_AGGRESSIVE;
				CLANG_WARN_UNREACHABLE_CODE = YES;
				CLANG_WARN__DUPLICATE_METHOD_MATCH = YES;
				COPY_PHASE_STRIP = NO;
				DEBUG_INFORMATION_FORMAT = "dwarf-with-dsym";
				ENABLE_NS_ASSERTIONS = NO;
				ENABLE_STRICT_OBJC_MSGSEND = YES;
				GCC_C_LANGUAGE_STANDARD = gnu11;
				GCC_NO_COMMON_BLOCKS = YES;
				GCC_WARN_64_TO_32_BIT_CONVERSION = YES;
				GCC_WARN_ABOUT_RETURN_TYPE = YES_ERROR;
				GCC_WARN_UNDECLARED_SELECTOR = YES;
				GCC_WARN_UNINITIALIZED_AUTOS = YES_AGGRESSIVE;
				GCC_WARN_UNUSED_FUNCTION = YES;
				GCC_WARN_UNUSED_VARIABLE = YES;
				IPHONEOS_DEPLOYMENT_TARGET = 16.4;
				MTL_ENABLE_DEBUG_INFO = NO;
				MTL_FAST_MATH = YES;
				SDKROOT = iphoneos;
				SWIFT_COMPILATION_MODE = wholemodule;
				SWIFT_OPTIMIZATION_LEVEL = "-O";
				VALIDATE_PRODUCT = YES;
			};
			name = Release;
		};
		8C3987832A5151900073DCE5 /* Debug */ = {
			isa = XCBuildConfiguration;
			buildSettings = {
				ASSETCATALOG_COMPILER_APPICON_NAME = AppIcon;
				ASSETCATALOG_COMPILER_GLOBAL_ACCENT_COLOR_NAME = AccentColor;
				CODE_SIGN_STYLE = Automatic;
				CURRENT_PROJECT_VERSION = 1;
				DEVELOPMENT_TEAM = HM3QSFPZ42;
				GENERATE_INFOPLIST_FILE = YES;
				INFOPLIST_FILE = TransitionsApp/Info.plist;
				INFOPLIST_KEY_UIApplicationSupportsIndirectInputEvents = YES;
				INFOPLIST_KEY_UILaunchStoryboardName = LaunchScreen;
				INFOPLIST_KEY_UIMainStoryboardFile = FirstStoryboard;
				INFOPLIST_KEY_UISupportedInterfaceOrientations_iPad = "UIInterfaceOrientationPortrait UIInterfaceOrientationPortraitUpsideDown UIInterfaceOrientationLandscapeLeft UIInterfaceOrientationLandscapeRight";
				INFOPLIST_KEY_UISupportedInterfaceOrientations_iPhone = "UIInterfaceOrientationPortrait UIInterfaceOrientationLandscapeLeft UIInterfaceOrientationLandscapeRight";
				LD_RUNPATH_SEARCH_PATHS = (
					"$(inherited)",
					"@executable_path/Frameworks",
				);
				MARKETING_VERSION = 1.0;
				PRODUCT_BUNDLE_IDENTIFIER = "shunsaku.work-gmail.com.TransitionsApp";
				PRODUCT_NAME = "$(TARGET_NAME)";
				SWIFT_EMIT_LOC_STRINGS = YES;
				SWIFT_VERSION = 5.0;
				TARGETED_DEVICE_FAMILY = "1,2";
			};
			name = Debug;
		};
		8C3987842A5151900073DCE5 /* Release */ = {
			isa = XCBuildConfiguration;
			buildSettings = {
				ASSETCATALOG_COMPILER_APPICON_NAME = AppIcon;
				ASSETCATALOG_COMPILER_GLOBAL_ACCENT_COLOR_NAME = AccentColor;
				CODE_SIGN_STYLE = Automatic;
				CURRENT_PROJECT_VERSION = 1;
				DEVELOPMENT_TEAM = HM3QSFPZ42;
				GENERATE_INFOPLIST_FILE = YES;
				INFOPLIST_FILE = TransitionsApp/Info.plist;
				INFOPLIST_KEY_UIApplicationSupportsIndirectInputEvents = YES;
				INFOPLIST_KEY_UILaunchStoryboardName = LaunchScreen;
				INFOPLIST_KEY_UIMainStoryboardFile = FirstStoryboard;
				INFOPLIST_KEY_UISupportedInterfaceOrientations_iPad = "UIInterfaceOrientationPortrait UIInterfaceOrientationPortraitUpsideDown UIInterfaceOrientationLandscapeLeft UIInterfaceOrientationLandscapeRight";
				INFOPLIST_KEY_UISupportedInterfaceOrientations_iPhone = "UIInterfaceOrientationPortrait UIInterfaceOrientationLandscapeLeft UIInterfaceOrientationLandscapeRight";
				LD_RUNPATH_SEARCH_PATHS = (
					"$(inherited)",
					"@executable_path/Frameworks",
				);
				MARKETING_VERSION = 1.0;
				PRODUCT_BUNDLE_IDENTIFIER = "shunsaku.work-gmail.com.TransitionsApp";
				PRODUCT_NAME = "$(TARGET_NAME)";
				SWIFT_EMIT_LOC_STRINGS = YES;
				SWIFT_VERSION = 5.0;
				TARGETED_DEVICE_FAMILY = "1,2";
			};
			name = Release;
		};
		8C3987862A5151900073DCE5 /* Debug */ = {
			isa = XCBuildConfiguration;
			buildSettings = {
				ALWAYS_EMBED_SWIFT_STANDARD_LIBRARIES = YES;
				BUNDLE_LOADER = "$(TEST_HOST)";
				CODE_SIGN_STYLE = Automatic;
				CURRENT_PROJECT_VERSION = 1;
				DEVELOPMENT_TEAM = HM3QSFPZ42;
				GENERATE_INFOPLIST_FILE = YES;
				IPHONEOS_DEPLOYMENT_TARGET = 16.4;
				MARKETING_VERSION = 1.0;
				PRODUCT_BUNDLE_IDENTIFIER = "shunsaku.work-gmail.com.TransitionsAppTests";
				PRODUCT_NAME = "$(TARGET_NAME)";
				SWIFT_EMIT_LOC_STRINGS = NO;
				SWIFT_VERSION = 5.0;
				TARGETED_DEVICE_FAMILY = "1,2";
				TEST_HOST = "$(BUILT_PRODUCTS_DIR)/TransitionsApp.app/$(BUNDLE_EXECUTABLE_FOLDER_PATH)/TransitionsApp";
			};
			name = Debug;
		};
		8C3987872A5151900073DCE5 /* Release */ = {
			isa = XCBuildConfiguration;
			buildSettings = {
				ALWAYS_EMBED_SWIFT_STANDARD_LIBRARIES = YES;
				BUNDLE_LOADER = "$(TEST_HOST)";
				CODE_SIGN_STYLE = Automatic;
				CURRENT_PROJECT_VERSION = 1;
				DEVELOPMENT_TEAM = HM3QSFPZ42;
				GENERATE_INFOPLIST_FILE = YES;
				IPHONEOS_DEPLOYMENT_TARGET = 16.4;
				MARKETING_VERSION = 1.0;
				PRODUCT_BUNDLE_IDENTIFIER = "shunsaku.work-gmail.com.TransitionsAppTests";
				PRODUCT_NAME = "$(TARGET_NAME)";
				SWIFT_EMIT_LOC_STRINGS = NO;
				SWIFT_VERSION = 5.0;
				TARGETED_DEVICE_FAMILY = "1,2";
				TEST_HOST = "$(BUILT_PRODUCTS_DIR)/TransitionsApp.app/$(BUNDLE_EXECUTABLE_FOLDER_PATH)/TransitionsApp";
			};
			name = Release;
		};
		8C3987892A5151900073DCE5 /* Debug */ = {
			isa = XCBuildConfiguration;
			buildSettings = {
				ALWAYS_EMBED_SWIFT_STANDARD_LIBRARIES = YES;
				CODE_SIGN_STYLE = Automatic;
				CURRENT_PROJECT_VERSION = 1;
				DEVELOPMENT_TEAM = HM3QSFPZ42;
				GENERATE_INFOPLIST_FILE = YES;
				MARKETING_VERSION = 1.0;
				PRODUCT_BUNDLE_IDENTIFIER = "shunsaku.work-gmail.com.TransitionsAppUITests";
				PRODUCT_NAME = "$(TARGET_NAME)";
				SWIFT_EMIT_LOC_STRINGS = NO;
				SWIFT_VERSION = 5.0;
				TARGETED_DEVICE_FAMILY = "1,2";
				TEST_TARGET_NAME = TransitionsApp;
			};
			name = Debug;
		};
		8C39878A2A5151900073DCE5 /* Release */ = {
			isa = XCBuildConfiguration;
			buildSettings = {
				ALWAYS_EMBED_SWIFT_STANDARD_LIBRARIES = YES;
				CODE_SIGN_STYLE = Automatic;
				CURRENT_PROJECT_VERSION = 1;
				DEVELOPMENT_TEAM = HM3QSFPZ42;
				GENERATE_INFOPLIST_FILE = YES;
				MARKETING_VERSION = 1.0;
				PRODUCT_BUNDLE_IDENTIFIER = "shunsaku.work-gmail.com.TransitionsAppUITests";
				PRODUCT_NAME = "$(TARGET_NAME)";
				SWIFT_EMIT_LOC_STRINGS = NO;
				SWIFT_VERSION = 5.0;
				TARGETED_DEVICE_FAMILY = "1,2";
				TEST_TARGET_NAME = TransitionsApp;
			};
			name = Release;
		};
/* End XCBuildConfiguration section */

/* Begin XCConfigurationList section */
		8C3987532A51518E0073DCE5 /* Build configuration list for PBXProject "TransitionsApp" */ = {
			isa = XCConfigurationList;
			buildConfigurations = (
				8C3987802A5151900073DCE5 /* Debug */,
				8C3987812A5151900073DCE5 /* Release */,
			);
			defaultConfigurationIsVisible = 0;
			defaultConfigurationName = Release;
		};
		8C3987822A5151900073DCE5 /* Build configuration list for PBXNativeTarget "TransitionsApp" */ = {
			isa = XCConfigurationList;
			buildConfigurations = (
				8C3987832A5151900073DCE5 /* Debug */,
				8C3987842A5151900073DCE5 /* Release */,
			);
			defaultConfigurationIsVisible = 0;
			defaultConfigurationName = Release;
		};
		8C3987852A5151900073DCE5 /* Build configuration list for PBXNativeTarget "TransitionsAppTests" */ = {
			isa = XCConfigurationList;
			buildConfigurations = (
				8C3987862A5151900073DCE5 /* Debug */,
				8C3987872A5151900073DCE5 /* Release */,
			);
			defaultConfigurationIsVisible = 0;
			defaultConfigurationName = Release;
		};
		8C3987882A5151900073DCE5 /* Build configuration list for PBXNativeTarget "TransitionsAppUITests" */ = {
			isa = XCConfigurationList;
			buildConfigurations = (
				8C3987892A5151900073DCE5 /* Debug */,
				8C39878A2A5151900073DCE5 /* Release */,
			);
			defaultConfigurationIsVisible = 0;
			defaultConfigurationName = Release;
		};
/* End XCConfigurationList section */
	};
	rootObject = 8C3987502A51518E0073DCE5 /* Project object */;
}
